
Microsoft Visual Studio Solution File, Format Version 12.00
# Visual Studio 15
VisualStudioVersion = 15.0.28307.1231
MinimumVisualStudioVersion = 10.0.40219.1
Project("{FAE04EC0-301F-11D3-BF4B-00C04F79EFBC}") = "HW_TestSystem", "DZ_19\HW_TestSystem.csproj", "{47003F46-4A69-42FA-8900-97A862A019EE}"
EndProject
Global
	GlobalSection(SolutionConfigurationPlatforms) = preSolution
		Debug|Any CPU = Debug|Any CPU
		Release|Any CPU = Release|Any CPU
	EndGlobalSection
	GlobalSection(ProjectConfigurationPlatforms) = postSolution
		{47003F46-4A69-42FA-8900-97A862A019EE}.Debug|Any CPU.ActiveCfg = Debug|Any CPU
		{47003F46-4A69-42FA-8900-97A862A019EE}.Debug|Any CPU.Build.0 = Debug|Any CPU
		{47003F46-4A69-42FA-8900-97A862A019EE}.Release|Any CPU.ActiveCfg = Release|Any CPU
		{47003F46-4A69-42FA-8900-97A862A019EE}.Release|Any CPU.Build.0 = Release|Any CPU
	EndGlobalSection
	GlobalSection(SolutionProperties) = preSolution
		HideSolutionNode = FALSE
	EndGlobalSection
	GlobalSection(ExtensibilityGlobals) = postSolution
		SolutionGuid = {F3C1D7F7-382F-4EE8-A166-27D7CBACDA98}
	EndGlobalSection
EndGlobal
